
Microsoft Visual Studio Solution File, Format Version 12.00
# Visual Studio Version 17
VisualStudioVersion = 17.1.32210.238
MinimumVisualStudioVersion = 10.0.40219.1
Project("{9A19103F-16F7-4668-BE54-9A1E7A4F7556}") = "lab22", "lab22\lab22.csproj", "{19ACA639-7C34-46AC-95D1-711F8B971721}"
EndProject
Project("{FAE04EC0-301F-11D3-BF4B-00C04F79EFBC}") = "TestProjectLab3", "TestProjectLab3\TestProjectLab3.csproj", "{B0A86DB4-58D1-4172-A8B5-504A7510132E}"
EndProject
Global
	GlobalSection(SolutionConfigurationPlatforms) = preSolution
		Debug|Any CPU = Debug|Any CPU
		Release|Any CPU = Release|Any CPU
	EndGlobalSection
	GlobalSection(ProjectConfigurationPlatforms) = postSolution
		{19ACA639-7C34-46AC-95D1-711F8B971721}.Debug|Any CPU.ActiveCfg = Debug|Any CPU
		{19ACA639-7C34-46AC-95D1-711F8B971721}.Debug|Any CPU.Build.0 = Debug|Any CPU
		{19ACA639-7C34-46AC-95D1-711F8B971721}.Release|Any CPU.ActiveCfg = Release|Any CPU
		{19ACA639-7C34-46AC-95D1-711F8B971721}.Release|Any CPU.Build.0 = Release|Any CPU
		{B0A86DB4-58D1-4172-A8B5-504A7510132E}.Debug|Any CPU.ActiveCfg = Debug|Any CPU
		{B0A86DB4-58D1-4172-A8B5-504A7510132E}.Debug|Any CPU.Build.0 = Debug|Any CPU
		{B0A86DB4-58D1-4172-A8B5-504A7510132E}.Release|Any CPU.ActiveCfg = Release|Any CPU
		{B0A86DB4-58D1-4172-A8B5-504A7510132E}.Release|Any CPU.Build.0 = Release|Any CPU
	EndGlobalSection
	GlobalSection(SolutionProperties) = preSolution
		HideSolutionNode = FALSE
	EndGlobalSection
	GlobalSection(ExtensibilityGlobals) = postSolution
		SolutionGuid = {33A08CF4-4990-45B6-944A-5A530FD884F8}
	EndGlobalSection
EndGlobal
